Microsoft Visual Studio Solution File, Format Version 11.00
# Visual Studio 2008

Project("{A13FF5BE-14FE-DB3A-1902-DCDA85578ED7}") = "FINAL BUILD", "Assembly-CSharp-firstpass.csproj", "{0288F09C-7739-9C28-E42F-06AB56CEA63B}"
EndProject
Project("{A13FF5BE-14FE-DB3A-1902-DCDA85578ED7}") = "FINAL BUILD", "Assembly-CSharp.csproj", "{803DA804-F6E2-C2BF-CD47-FD8EA3D0289C}"
EndProject
Project("{A13FF5BE-14FE-DB3A-1902-DCDA85578ED7}") = "FINAL BUILD", "Assembly-CSharp-Editor.csproj", "{14AD8878-97F1-AF57-D82B-DCDB1A4A9F52}"
EndProject
Global
	GlobalSection(SolutionConfigurationPlatforms) = preSolution
		Debug|Any CPU = Debug|Any CPU
		Release|Any CPU = Release|Any CPU
	EndGlobalSection
	GlobalSection(ProjectConfigurationPlatforms) = postSolution
		{0288F09C-7739-9C28-E42F-06AB56CEA63B}.Debug|Any CPU.ActiveCfg = Debug|Any CPU
		{0288F09C-7739-9C28-E42F-06AB56CEA63B}.Debug|Any CPU.Build.0 = Debug|Any CPU
		{0288F09C-7739-9C28-E42F-06AB56CEA63B}.Release|Any CPU.ActiveCfg = Release|Any CPU
		{0288F09C-7739-9C28-E42F-06AB56CEA63B}.Release|Any CPU.Build.0 = Release|Any CPU
		{803DA804-F6E2-C2BF-CD47-FD8EA3D0289C}.Debug|Any CPU.ActiveCfg = Debug|Any CPU
		{803DA804-F6E2-C2BF-CD47-FD8EA3D0289C}.Debug|Any CPU.Build.0 = Debug|Any CPU
		{803DA804-F6E2-C2BF-CD47-FD8EA3D0289C}.Release|Any CPU.ActiveCfg = Release|Any CPU
		{803DA804-F6E2-C2BF-CD47-FD8EA3D0289C}.Release|Any CPU.Build.0 = Release|Any CPU
		{14AD8878-97F1-AF57-D82B-DCDB1A4A9F52}.Debug|Any CPU.ActiveCfg = Debug|Any CPU
		{14AD8878-97F1-AF57-D82B-DCDB1A4A9F52}.Debug|Any CPU.Build.0 = Debug|Any CPU
		{14AD8878-97F1-AF57-D82B-DCDB1A4A9F52}.Release|Any CPU.ActiveCfg = Release|Any CPU
		{14AD8878-97F1-AF57-D82B-DCDB1A4A9F52}.Release|Any CPU.Build.0 = Release|Any CPU
	EndGlobalSection
	GlobalSection(SolutionProperties) = preSolution
		HideSolutionNode = FALSE
	EndGlobalSection
	GlobalSection(MonoDevelopProperties) = preSolution
		StartupItem = Assembly-CSharp.csproj
	EndGlobalSection
EndGlobal
